
Microsoft Visual Studio Solution File, Format Version 12.00
# Visual Studio 2017
Project("{FAE04EC0-301F-11D3-BF4B-00C04F79EFBC}") = "MadSilver_ARGame", "MadSilver_ARGame.csproj", "{A99AA653-ECB1-D28B-EC60-F3CF88D796E3}"
EndProject
Project("{FAE04EC0-301F-11D3-BF4B-00C04F79EFBC}") = "MadSilver_ARGame.Editor", "MadSilver_ARGame.Editor.csproj", "{6007C58F-A90D-A5E7-E107-68A1800FAC2A}"
EndProject
Global
	GlobalSection(SolutionConfigurationPlatforms) = preSolution
		Debug|Any CPU = Debug|Any CPU
		Release|Any CPU = Release|Any CPU
	EndGlobalSection
	GlobalSection(ProjectConfigurationPlatforms) = postSolution
		{A99AA653-ECB1-D28B-EC60-F3CF88D796E3}.Debug|Any CPU.ActiveCfg = Debug|Any CPU
		{A99AA653-ECB1-D28B-EC60-F3CF88D796E3}.Debug|Any CPU.Build.0 = Debug|Any CPU
		{A99AA653-ECB1-D28B-EC60-F3CF88D796E3}.Release|Any CPU.ActiveCfg = Release|Any CPU
		{A99AA653-ECB1-D28B-EC60-F3CF88D796E3}.Release|Any CPU.Build.0 = Release|Any CPU
		{6007C58F-A90D-A5E7-E107-68A1800FAC2A}.Debug|Any CPU.ActiveCfg = Debug|Any CPU
		{6007C58F-A90D-A5E7-E107-68A1800FAC2A}.Debug|Any CPU.Build.0 = Debug|Any CPU
		{6007C58F-A90D-A5E7-E107-68A1800FAC2A}.Release|Any CPU.ActiveCfg = Release|Any CPU
		{6007C58F-A90D-A5E7-E107-68A1800FAC2A}.Release|Any CPU.Build.0 = Release|Any CPU
	EndGlobalSection
	GlobalSection(SolutionProperties) = preSolution
		HideSolutionNode = FALSE
	EndGlobalSection
EndGlobal
